
Microsoft Visual Studio Solution File, Format Version 12.00
# Visual Studio Version 17
VisualStudioVersion = 17.10.34928.147
MinimumVisualStudioVersion = 10.0.40219.1
Project("{FAE04EC0-301F-11D3-BF4B-00C04F79EFBC}") = "Amazon", "Amazon.csproj", "{30FBCDFC-D5CC-4AF2-9BE7-ECC90CC5B3D9}"
EndProject
Global
	GlobalSection(SolutionConfigurationPlatforms) = preSolution
		Debug|Any CPU = Debug|Any CPU
		Release|Any CPU = Release|Any CPU
	EndGlobalSection
	GlobalSection(ProjectConfigurationPlatforms) = postSolution
		{30FBCDFC-D5CC-4AF2-9BE7-ECC90CC5B3D9}.Debug|Any CPU.ActiveCfg = Debug|Any CPU
		{30FBCDFC-D5CC-4AF2-9BE7-ECC90CC5B3D9}.Debug|Any CPU.Build.0 = Debug|Any CPU
		{30FBCDFC-D5CC-4AF2-9BE7-ECC90CC5B3D9}.Release|Any CPU.ActiveCfg = Release|Any CPU
		{30FBCDFC-D5CC-4AF2-9BE7-ECC90CC5B3D9}.Release|Any CPU.Build.0 = Release|Any CPU
	EndGlobalSection
	GlobalSection(SolutionProperties) = preSolution
		HideSolutionNode = FALSE
	EndGlobalSection
	GlobalSection(ExtensibilityGlobals) = postSolution
		SolutionGuid = {332C4EC2-D3EF-4037-B1D3-215A3F9A4498}
	EndGlobalSection
EndGlobal
